<?xml version="1.0" encoding="utf-8"?>
<Project ToolsVersion="4.0" xmlns="http://schemas.microsoft.com/developer/msbuild/2003">
  <ItemGroup>
    <Filter Include="Source Files">
      <UniqueIdentifier>{4FC737F1-C7A5-4376-A066-2A32D752A2FF}</UniqueIdentifier>
      <Extensions>cpp;c;cc;cxx;def;odl;idl;hpj;bat;asm;asmx</Extensions>
    </Filter>
    <Filter Include="Header Files">
      <UniqueIdentifier>{93995380-89BD-4b04-88EB-625FBE52EBFB}</UniqueIdentifier>
      <Extensions>h;hh;hpp;hxx;hm;inl;inc;ipp;xsd</Extensions>
    </Filter>
    <Filter Include="Resource Files">
      <UniqueIdentifier>{67DA6AB6-F800-4c08-8B7A-83BB121AAD01}</UniqueIdentifier>
      <Extensions>rc;ico;cur;bmp;dlg;rc2;rct;bin;rgs;gif;jpg;jpeg;jpe;resx;tiff;tif;png;wav;mfcribbon-ms</Extensions>
    </Filter>
    <Filter Include="Solves">
      <UniqueIdentifier>{e8f184cf-336d-409b-9563-d4a9a8a77bf2}</UniqueIdentifier>
    </Filter>
  </ItemGroup>
  <ItemGroup>
    <ClCompile Include="Source.cpp">
      <Filter>Source Files</Filter>
    </ClCompile>
  </ItemGroup>
  <ItemGroup>
    <ClInclude Include="S410.hpp">
      <Filter>Solves</Filter>
    </ClInclude>
    <ClInclude Include="Solves\S922.hpp">
      <Filter>Solves</Filter>
    </ClInclude>
    <ClInclude Include="Solves\S39.hpp">
      <Filter>Solves</Filter>
    </ClInclude>
    <ClInclude Include="Solves\S994.hpp">
      <Filter>Solves</Filter>
    </ClInclude>
    <ClInclude Include="Solves\S13.hpp">
      <Filter>Solves</Filter>
    </ClInclude>
    <ClInclude Include="Solves\S15.hpp">
      <Filter>Solves</Filter>
    </ClInclude>
    <ClInclude Include="Solves\S20.hpp">
      <Filter>Solves</Filter>
    </ClInclude>
    <ClInclude Include="Solves\S21.hpp">
      <Filter>Solves</Filter>
    </ClInclude>
    <ClInclude Include="Solves\S23.hpp">
      <Filter>Solves</Filter>
    </ClInclude>
    <ClInclude Include="Solves\S24.hpp">
      <Filter>Solves</Filter>
    </ClInclude>
    <ClInclude Include="Solves\S25.hpp">
      <Filter>Solves</Filter>
    </ClInclude>
    <ClInclude Include="ListNode.h">
      <Filter>Header Files</Filter>
    </ClInclude>
    <ClInclude Include="Solves\S1029.hpp">
      <Filter>Solves</Filter>
    </ClInclude>
    <ClInclude Include="Solves\S1031.hpp">
      <Filter>Solves</Filter>
    </ClInclude>
    <ClInclude Include="Solves\S26.hpp">
      <Filter>Solves</Filter>
    </ClInclude>
    <ClInclude Include="Solves\S28.hpp">
      <Filter>Solves</Filter>
    </ClInclude>
    <ClInclude Include="Solves\S33.hpp">
      <Filter>Solves</Filter>
    </ClInclude>
    <ClInclude Include="Solves\S46.hpp">
      <Filter>Solves</Filter>
    </ClInclude>
    <ClInclude Include="Solves\S47.hpp">
      <Filter>Solves</Filter>
    </ClInclude>
    <ClInclude Include="Solves\S48.hpp">
      <Filter>Solves</Filter>
    </ClInclude>
    <ClInclude Include="Solves\S53.hpp">
      <Filter>Solves</Filter>
    </ClInclude>
    <ClInclude Include="Solves\S54.hpp">
      <Filter>Solves</Filter>
    </ClInclude>
    <ClInclude Include="Solves\S55.hpp">
      <Filter>Solves</Filter>
    </ClInclude>
    <ClInclude Include="Solves\S56.hpp">
      <Filter>Solves</Filter>
    </ClInclude>
    <ClInclude Include="Solves\S73.hpp">
      <Filter>Solves</Filter>
    </ClInclude>
    <ClInclude Include="Solves\S75.hpp">
      <Filter>Solves</Filter>
    </ClInclude>
    <ClInclude Include="Solves\S79.hpp">
      <Filter>Solves</Filter>
    </ClInclude>
    <ClInclude Include="Solves\S88.hpp">
      <Filter>Solves</Filter>
    </ClInclude>
    <ClInclude Include="Solves\S91.hpp">
      <Filter>Solves</Filter>
    </ClInclude>
    <ClInclude Include="Solves\S5040.hpp">
      <Filter>Solves</Filter>
    </ClInclude>
    <ClInclude Include="Solves\S5039.hpp">
      <Filter>Solves</Filter>
    </ClInclude>
    <ClInclude Include="Solves\S98.hpp">
      <Filter>Solves</Filter>
    </ClInclude>
    <ClInclude Include="TreeNode.h">
      <Filter>Header Files</Filter>
    </ClInclude>
    <ClInclude Include="Solves\S103.hpp">
      <Filter>Solves</Filter>
    </ClInclude>
    <ClInclude Include="Solves\S104.hpp">
      <Filter>Solves</Filter>
    </ClInclude>
    <ClInclude Include="Solves\S116.hpp">
      <Filter>Solves</Filter>
    </ClInclude>
    <ClInclude Include="Solves\S117.hpp">
      <Filter>Solves</Filter>
    </ClInclude>
    <ClInclude Include="Solves\S121.hpp">
      <Filter>Solves</Filter>
    </ClInclude>
    <ClInclude Include="Solves\S124.hpp">
      <Filter>Solves</Filter>
    </ClInclude>
    <ClInclude Include="Solves\S125.hpp">
      <Filter>Solves</Filter>
    </ClInclude>
    <ClInclude Include="Solves\S138.hpp">
      <Filter>Solves</Filter>
    </ClInclude>
    <ClInclude Include="Solves\S141.hpp">
      <Filter>Solves</Filter>
    </ClInclude>
    <ClInclude Include="Solves\S142.hpp">
      <Filter>Solves</Filter>
    </ClInclude>
    <ClInclude Include="Solves\S151.hpp">
      <Filter>Solves</Filter>
    </ClInclude>
    <ClInclude Include="Solves\S153.hpp">
      <Filter>Solves</Filter>
    </ClInclude>
    <ClInclude Include="Solves\S162.hpp">
      <Filter>Solves</Filter>
    </ClInclude>
    <ClInclude Include="Solves\S165.hpp">
      <Filter>Solves</Filter>
    </ClInclude>
    <ClInclude Include="Solves\S168.hpp">
      <Filter>Solves</Filter>
    </ClInclude>
    <ClInclude Include="Solves\S171.hpp">
      <Filter>Solves</Filter>
    </ClInclude>
    <ClInclude Include="Solves\S173.hpp">
      <Filter>Solves</Filter>
    </ClInclude>
    <ClInclude Include="Solves\S189.hpp">
      <Filter>Solves</Filter>
    </ClInclude>
    <ClInclude Include="Solves\S191.hpp">
      <Filter>Solves</Filter>
    </ClInclude>
    <ClInclude Include="Solves\S204.hpp">
      <Filter>Solves</Filter>
    </ClInclude>
  </ItemGroup>
</Project>